
Microsoft Visual Studio Solution File, Format Version 12.00
# Visual Studio 15
VisualStudioVersion = 15.0.27428.2002
MinimumVisualStudioVersion = 10.0.40219.1
Project("{FAE04EC0-301F-11D3-BF4B-00C04F79EFBC}") = "D-OS Save Editor", "D-OS Save Editor\D-OS Save Editor.csproj", "{1A745F0A-A92E-4FBE-95FE-4095592DFE46}"
EndProject
Project("{FAE04EC0-301F-11D3-BF4B-00C04F79EFBC}") = "SortGenerationList", "SortGenerationList\SortGenerationList.csproj", "{B45210ED-A5E8-4C6E-9EF0-72AEA95E4ED9}"
EndProject
Global
	GlobalSection(SolutionConfigurationPlatforms) = preSolution
		Debug|Any CPU = Debug|Any CPU
		Release|Any CPU = Release|Any CPU
	EndGlobalSection
	GlobalSection(ProjectConfigurationPlatforms) = postSolution
		{1A745F0A-A92E-4FBE-95FE-4095592DFE46}.Debug|Any CPU.ActiveCfg = Debug|Any CPU
		{1A745F0A-A92E-4FBE-95FE-4095592DFE46}.Debug|Any CPU.Build.0 = Debug|Any CPU
		{1A745F0A-A92E-4FBE-95FE-4095592DFE46}.Release|Any CPU.ActiveCfg = Release|Any CPU
		{1A745F0A-A92E-4FBE-95FE-4095592DFE46}.Release|Any CPU.Build.0 = Release|Any CPU
		{B45210ED-A5E8-4C6E-9EF0-72AEA95E4ED9}.Debug|Any CPU.ActiveCfg = Debug|Any CPU
		{B45210ED-A5E8-4C6E-9EF0-72AEA95E4ED9}.Debug|Any CPU.Build.0 = Debug|Any CPU
		{B45210ED-A5E8-4C6E-9EF0-72AEA95E4ED9}.Release|Any CPU.ActiveCfg = Release|Any CPU
		{B45210ED-A5E8-4C6E-9EF0-72AEA95E4ED9}.Release|Any CPU.Build.0 = Release|Any CPU
	EndGlobalSection
	GlobalSection(SolutionProperties) = preSolution
		HideSolutionNode = FALSE
	EndGlobalSection
	GlobalSection(ExtensibilityGlobals) = postSolution
		SolutionGuid = {BAE56FC2-920A-430A-8209-36B039CF5C9B}
	EndGlobalSection
EndGlobal
